{
  "lockfile_version": "1",
  "packages": {
    "github:NixOS/nixpkgs/nixpkgs-unstable": {
      "last_modified": "2026-02-15T17:45:47Z",
      "resolved": "github:NixOS/nixpkgs/ac055f38c798b0d87695240c7b761b82fc7e5bc2?lastModified=1771177547&narHash=sha256-trTtk3WTOHz7hSw89xIIvahkgoFJYQ0G43IlqprFoMA%3D"
    },
    "lefthook@2.1.1": {
      "last_modified": "2026-02-13T23:34:13Z",
      "resolved": "github:NixOS/nixpkgs/7d2ae6d8b8b697b5114a4249d0d958ee5f23d8fe#lefthook",
      "source": "devbox-search",
      "version": "2.1.1",
      "systems": {
        "aarch64-darwin": {
          "outputs": [
            {
              "name": "out",
              "path": "/nix/store/x3yxyy5lbkhvdshbnsx6g8wqjmk4r92z-lefthook-2.1.1",
              "default": true
            }
          ],
          "store_path": "/nix/store/x3yxyy5lbkhvdshbnsx6g8wqjmk4r92z-lefthook-2.1.1"
        },
        "aarch64-linux": {
          "outputs": [
            {
              "name": "out",
              "path": "/nix/store/5qy8mqg5irc1dbjnm1r3zv1sr5adf6r3-lefthook-2.1.1",
              "default": true
            }
          ],
          "store_path": "/nix/store/5qy8mqg5irc1dbjnm1r3zv1sr5adf6r3-lefthook-2.1.1"
        },
        "x86_64-darwin": {
          "outputs": [
            {
              "name": "out",
              "path": "/nix/store/wrc2jm3f47ssjbx1bqzsr0zyiknx4j06-lefthook-2.1.1",
              "default": true
            }
          ],
          "store_path": "/nix/store/wrc2jm3f47ssjbx1bqzsr0zyiknx4j06-lefthook-2.1.1"
        },
        "x86_64-linux": {
          "outputs": [
            {
              "name": "out",
              "path": "/nix/store/94cy3md10wmzqi8zjgmbq8bbw1aii8fv-lefthook-2.1.1",
              "default": true
            }
          ],
          "store_path": "/nix/store/94cy3md10wmzqi8zjgmbq8bbw1aii8fv-lefthook-2.1.1"
        }
      }
    }
  }
}
